# This file was autogenerated by Stack.
# You should not edit this file by hand.
# For more information, please see the documentation at:
#   https://docs.haskellstack.org/en/stable/lock_files

packages: []
snapshots:
- completed:
    size: 188042
    url: https://raw.githubusercontent.com/commercialhaskell/stackage-snapshots/master/nightly/2018/3/14.yaml
    sha256: 2f1331f747e54e58abbc85754bacaf8dbd5a54444ee87d5757a2bafc0a4afa2f
  original: nightly-2018-03-14
